{
  "requires": true,
  "lockfileVersion": 1,
  "dependencies": {
    "@adobe/xd-plugin-toolkit": {
      "version": "0.0.1",
      "resolved": "https://registry.npmjs.org/@adobe/xd-plugin-toolkit/-/xd-plugin-toolkit-0.0.1.tgz",
      "integrity": "sha512-jw1jKXzp0I4BvfPdJkOsXStpiz8hl/wYaMDC0zoS+EpPcejL2wq9cv+O2ubIBkqKo7sscj5r7kTJe1IsKhvbfw=="
    }
  }
}
